#MicroXplorer Configuration settings - do not modify
Mcu.Family=STM32F4
ProjectManager.MainLocation=Core/Src
VP_TIM5_VS_ClockSourceINT.Mode=Internal
PH0-OSC_IN.Signal=RCC_OSC_IN
RCC.CortexFreq_Value=168000000
ProjectManager.KeepUserCode=true
Mcu.UserName=STM32F407VGTx
SPI1.VirtualType=VM_MASTER
VP_TIM5_VS_ClockSourceINT.Signal=TIM5_VS_ClockSourceINT
TIM1.IPParameters=Period
RCC.PLLCLKFreq_Value=168000000
RCC.PLLQCLKFreq_Value=84000000
ProjectManager.functionlistsort=1-MX_GPIO_Init-GPIO-false-HAL-true,2-MX_DMA_Init-DMA-false-HAL-true,3-SystemClock_Config-RCC-false-HAL-false,4-MX_DAC_Init-DAC-false-HAL-true,5-MX_TIM7_Init-TIM7-false-HAL-true,6-MX_TIM2_Init-TIM2-false-HAL-true,7-MX_SPI1_Init-SPI1-false-HAL-true,8-MX_USART1_UART_Init-USART1-false-HAL-true,9-MX_TIM5_Init-TIM5-false-HAL-true,10-MX_TIM1_Init-TIM1-false-HAL-true
Dma.DAC2.1.PeriphInc=DMA_PINC_DISABLE
RCC.RTCFreq_Value=32000
PD6.Locked=true
PE10.GPIO_PuPd=GPIO_PULLDOWN
SH.S_TIM1_CH1.ConfNb=1
USART1.IPParameters=VirtualMode
PinOutPanel.RotationAngle=0
RCC.SYSCLKSource=RCC_SYSCLKSOURCE_PLLCLK
ProjectManager.StackSize=0x400
SH.COMP_DAC2_group.0=DAC_OUT2,DAC_OUT2
VP_TIM7_VS_ClockSourceINT.Mode=Enable_Timer
Mcu.IP4=SPI1
RCC.FCLKCortexFreq_Value=168000000
Mcu.IP5=SYS
Mcu.IP2=NVIC
NVIC.SVCall_IRQn=true\:0\:0\:false\:false\:true\:false\:false
Mcu.IP3=RCC
Mcu.IP0=DAC
Mcu.IP1=DMA
Mcu.UserConstants=
Mcu.ThirdPartyNb=0
SPI1.Direction=SPI_DIRECTION_1LINE
RCC.HCLKFreq_Value=168000000
Mcu.IPNb=11
Dma.DAC1.0.PeriphInc=DMA_PINC_DISABLE
RCC.I2SClocksFreq_Value=192000000
TIM2.IPParameters=TIM_MasterSlaveMode,TIM_MasterOutputTrigger,AutoReloadPreload,Prescaler,Period,ClockDivision
ProjectManager.PreviousToolchain=
RCC.APB2TimFreq_Value=168000000
PB6.Signal=USART1_TX
RCC.VcooutputI2S=192000000
PB6.Mode=Asynchronous
SPI1.CalculateBaudRate=42.0 MBits/s
TIM2.ClockDivision=TIM_CLOCKDIVISION_DIV2
Mcu.Pin6=PE11
Mcu.Pin7=PA13
VP_TIM2_VS_ClockSourceINT.Signal=TIM2_VS_ClockSourceINT
Mcu.Pin8=PA14
PE10.Locked=true
Mcu.Pin9=PD5
Dma.DAC1.0.Direction=DMA_MEMORY_TO_PERIPH
RCC.AHBFreq_Value=168000000
PH0-OSC_IN.Mode=HSE-External-Oscillator
Mcu.Pin0=PH0-OSC_IN
Mcu.Pin1=PH1-OSC_OUT
GPIO.groupedBy=Group By Peripherals
Mcu.Pin2=PA4
Mcu.Pin3=PA5
NVIC.EXTI15_10_IRQn=true\:0\:0\:false\:false\:true\:true\:true
Mcu.Pin4=PE9
Mcu.Pin5=PE10
ProjectManager.ProjectBuild=false
RCC.HSE_VALUE=8000000
NVIC.UsageFault_IRQn=true\:0\:0\:false\:false\:true\:false\:false
NVIC.DebugMonitor_IRQn=true\:0\:0\:false\:false\:true\:false\:false
PB3.Mode=Simplex_Bidirectional_Master
Mcu.IP10=USART1
NVIC.SysTick_IRQn=true\:0\:0\:false\:false\:true\:false\:true
DAC.DAC_Trigger2=DAC_TRIGGER_T5_TRGO
ProjectManager.FirmwarePackage=STM32Cube FW_F4 V1.26.1
MxDb.Version=DB.6.0.21
VP_TIM7_VS_ClockSourceINT.Signal=TIM7_VS_ClockSourceINT
Dma.DAC1.0.Priority=DMA_PRIORITY_HIGH
ProjectManager.BackupPrevious=false
DAC.DAC_Trigger=DAC_TRIGGER_T2_TRGO
RCC.VCOInputFreq_Value=2000000
Dma.DAC1.0.FIFOMode=DMA_FIFOMODE_DISABLE
PE9.Signal=S_TIM1_CH1
PA14.Mode=Serial_Wire
PB5.Mode=Simplex_Bidirectional_Master
SPI1.DataSize=SPI_DATASIZE_8BIT
File.Version=6
PB7.Signal=USART1_RX
PB6.Locked=true
NVIC.PendSV_IRQn=true\:0\:0\:false\:false\:true\:false\:false
PE10.Signal=GPXTI10
DAC.IPParameters=DAC_Trigger,DAC_Trigger2,WaveGeneration2
Dma.RequestsNb=2
ProjectManager.HalAssertFull=false
ProjectManager.ProjectName=discovery-stm32f407vg-DAC
Dma.DAC2.1.Instance=DMA1_Stream6
PH1-OSC_OUT.Mode=HSE-External-Oscillator
RCC.MCO2PinFreq_Value=168000000
Mcu.Package=LQFP100
TIM2.Prescaler=1
Dma.DAC1.0.PeriphDataAlignment=DMA_PDATAALIGN_WORD
PE10.GPIOParameters=GPIO_PuPd,GPIO_ModeDefaultEXTI
SH.COMP_DAC1_group.ConfNb=1
Dma.DAC1.0.Mode=DMA_CIRCULAR
ProjectManager.ToolChainLocation=
RCC.LSI_VALUE=32000
VP_SYS_VS_Systick.Signal=SYS_VS_Systick
TIM7.AutoReloadPreload=TIM_AUTORELOAD_PRELOAD_ENABLE
TIM2.TIM_MasterOutputTrigger=TIM_TRGO_UPDATE
RCC.APB2CLKDivider=RCC_HCLK_DIV2
Dma.Request1=DAC2
RCC.APB1TimFreq_Value=84000000
NVIC.BusFault_IRQn=true\:0\:0\:false\:false\:true\:false\:false
TIM1.Period=20-1
NVIC.USART1_IRQn=true\:0\:0\:false\:false\:true\:true\:true
PD6.Signal=GPIO_Output
NVIC.DMA1_Stream6_IRQn=true\:0\:0\:false\:false\:true\:false\:true
Dma.Request0=DAC1
SPI1.BaudRatePrescaler=SPI_BAUDRATEPRESCALER_2
PD5.Locked=true
Dma.DAC2.1.MemDataAlignment=DMA_MDATAALIGN_WORD
ProjectManager.CustomerFirmwarePackage=
PB3.Locked=true
SH.GPXTI10.0=GPIO_EXTI10
SH.COMP_DAC2_group.ConfNb=1
RCC.PLLSourceVirtual=RCC_PLLSOURCE_HSE
SH.COMP_DAC1_group.0=DAC_OUT1,DAC_OUT1
ProjectManager.ProjectFileName=discovery-stm32f407vg-DAC.ioc
Dma.DAC1.0.Instance=DMA1_Stream5
TIM5.IPParameters=TIM_MasterOutputTrigger,Period,Prescaler
Mcu.PinsNb=20
ProjectManager.NoMain=false
SPI1.IPParameters=VirtualType,Mode,Direction,CalculateBaudRate,BaudRatePrescaler,DataSize
Dma.DAC2.1.FIFOMode=DMA_FIFOMODE_DISABLE
PD7.Signal=GPIO_Output
ProjectManager.DefaultFWLocation=true
PD5.Signal=GPIO_Output
Dma.DAC2.1.Priority=DMA_PRIORITY_HIGH
ProjectManager.DeletePrevious=true
RCC.APB1CLKDivider=RCC_HCLK_DIV4
RCC.FamilyName=M
Dma.DAC1.0.MemDataAlignment=DMA_MDATAALIGN_WORD
PA13.Signal=SYS_JTMS-SWDIO
TIM5.TIM_MasterOutputTrigger=TIM_TRGO_UPDATE
PE10.GPIO_ModeDefaultEXTI=GPIO_MODE_IT_FALLING
SH.S_TIM1_CH1.0=TIM1_CH1,Encoder_Interface
ProjectManager.TargetToolchain=STM32CubeIDE
NVIC.DMA1_Stream5_IRQn=true\:0\:0\:false\:false\:true\:false\:true
Dma.DAC2.1.RequestParameters=Instance,Direction,PeriphInc,MemInc,PeriphDataAlignment,MemDataAlignment,Mode,Priority,FIFOMode
PB5.Locked=true
ProjectManager.RegisterCallBack=
PD7.Locked=true
PE11.Signal=S_TIM1_CH2
RCC.LSE_VALUE=32768
SH.S_TIM1_CH2.ConfNb=1
RCC.VCOI2SOutputFreq_Value=384000000
PA5.Signal=COMP_DAC2_group
TIM7.Prescaler=65535-1
board=custom
RCC.VCOOutputFreq_Value=336000000
ProjectManager.LastFirmware=false
RCC.APB2Freq_Value=84000000
Dma.DAC2.1.PeriphDataAlignment=DMA_PDATAALIGN_WORD
TIM7.IPParameters=Prescaler,AutoReloadPreload
MxCube.Version=6.2.1
SH.S_TIM1_CH2.0=TIM1_CH2,Encoder_Interface
VP_TIM2_VS_ClockSourceINT.Mode=Internal
SPI1.Mode=SPI_MODE_MASTER
VP_SYS_VS_Systick.Mode=SysTick
RCC.EthernetFreq_Value=168000000
PH1-OSC_OUT.Signal=RCC_OSC_OUT
NVIC.NonMaskableInt_IRQn=true\:0\:0\:false\:false\:true\:false\:false
TIM2.Period=1
PA13.Mode=Serial_Wire
ProjectManager.FreePins=false
RCC.IPParameters=48MHZClocksFreq_Value,AHBFreq_Value,APB1CLKDivider,APB1Freq_Value,APB1TimFreq_Value,APB2CLKDivider,APB2Freq_Value,APB2TimFreq_Value,CortexFreq_Value,EthernetFreq_Value,FCLKCortexFreq_Value,FamilyName,HCLKFreq_Value,HSE_VALUE,HSI_VALUE,I2SClocksFreq_Value,LSE_VALUE,LSI_VALUE,MCO2PinFreq_Value,PLLCLKFreq_Value,PLLM,PLLN,PLLQCLKFreq_Value,PLLSourceVirtual,RTCFreq_Value,RTCHSEDivFreq_Value,SYSCLKFreq_VALUE,SYSCLKSource,VCOI2SOutputFreq_Value,VCOInputFreq_Value,VCOOutputFreq_Value,VcooutputI2S
ProjectManager.AskForMigrate=true
Mcu.Name=STM32F407V(E-G)Tx
RCC.RTCHSEDivFreq_Value=4000000
ProjectManager.UnderRoot=true
Mcu.IP8=TIM5
Dma.DAC2.1.Direction=DMA_MEMORY_TO_PERIPH
Mcu.IP9=TIM7
Mcu.IP6=TIM1
Mcu.IP7=TIM2
ProjectManager.CoupleFile=true
RCC.48MHZClocksFreq_Value=84000000
PB3.Signal=SPI1_SCK
PA4.Signal=COMP_DAC1_group
RCC.SYSCLKFreq_VALUE=168000000
PB5.Signal=SPI1_MOSI
Dma.DAC1.0.MemInc=DMA_MINC_ENABLE
NVIC.ForceEnableDMAVector=true
KeepUserPlacement=false
TIM5.Prescaler=1
NVIC.MemoryManagement_IRQn=true\:0\:0\:false\:false\:true\:false\:false
USART1.VirtualMode=VM_ASYNC
ProjectManager.CompilerOptimize=6
PB7.Mode=Asynchronous
PA14.Signal=SYS_JTCK-SWCLK
ProjectManager.HeapSize=0x200
Mcu.Pin15=PB7
NVIC.HardFault_IRQn=true\:0\:0\:false\:false\:true\:false\:false
Mcu.Pin16=VP_SYS_VS_Systick
Mcu.Pin13=PB5
Mcu.Pin14=PB6
Mcu.Pin19=VP_TIM7_VS_ClockSourceINT
ProjectManager.ComputerToolchain=false
Mcu.Pin17=VP_TIM2_VS_ClockSourceINT
Dma.DAC2.1.Mode=DMA_CIRCULAR
RCC.HSI_VALUE=16000000
Mcu.Pin18=VP_TIM5_VS_ClockSourceINT
NVIC.PriorityGroup=NVIC_PRIORITYGROUP_4
Mcu.Pin11=PD7
Mcu.Pin12=PB3
RCC.PLLM=4
RCC.PLLN=168
Mcu.Pin10=PD6
SH.GPXTI10.ConfNb=1
TIM2.TIM_MasterSlaveMode=TIM_MASTERSLAVEMODE_DISABLE
PB7.Locked=true
Dma.DAC1.0.RequestParameters=Instance,Direction,PeriphInc,MemInc,PeriphDataAlignment,MemDataAlignment,Mode,Priority,FIFOMode
TIM2.AutoReloadPreload=TIM_AUTORELOAD_PRELOAD_ENABLE
TIM5.Period=1
DAC.WaveGeneration2=DISABLE
Dma.DAC2.1.MemInc=DMA_MINC_ENABLE
RCC.APB1Freq_Value=42000000
ProjectManager.DeviceId=STM32F407VGTx
ProjectManager.LibraryCopy=1
isbadioc=false
